
Microsoft Visual Studio Solution File, Format Version 12.00
# Visual Studio Version 16
VisualStudioVersion = 16.0.31112.23
MinimumVisualStudioVersion = 10.0.40219.1
Project("{FAE04EC0-301F-11D3-BF4B-00C04F79EFBC}") = "Ait.PE04.Octopus.Server.wpf", "..\Ait.PE04.Octopus.Server.wpf\Ait.PE04.Octopus.Server.wpf.csproj", "{FCB069EB-76F5-4413-A980-C14BE2AFA105}"
EndProject
Project("{FAE04EC0-301F-11D3-BF4B-00C04F79EFBC}") = "Ait.PE04.Octopus.Client.wpf", "..\Ait.PE04.Octopus.Client.wpf\Ait.PE04.Octopus.Client.wpf.csproj", "{6D72140D-885D-467F-9155-28EC13A6FCC1}"
EndProject
Project("{FAE04EC0-301F-11D3-BF4B-00C04F79EFBC}") = "Ait.PE04.Octopus.Server.Core", "..\Ait.PE04.Octopus.Server.Core\Ait.PE04.Octopus.Server.Core.csproj", "{87B21462-0A21-4A81-B1B3-2435D7C98C78}"
EndProject
Project("{FAE04EC0-301F-11D3-BF4B-00C04F79EFBC}") = "Ait.PE04.Octopus.Client.Core", "..\Ait.PE04.Octopus.Client.Core\Ait.PE04.Octopus.Client.Core.csproj", "{15EE4D18-8500-4113-9DF2-349386F0228E}"
EndProject
Global
	GlobalSection(SolutionConfigurationPlatforms) = preSolution
		Debug|Any CPU = Debug|Any CPU
		Release|Any CPU = Release|Any CPU
	EndGlobalSection
	GlobalSection(ProjectConfigurationPlatforms) = postSolution
		{FCB069EB-76F5-4413-A980-C14BE2AFA105}.Debug|Any CPU.ActiveCfg = Debug|Any CPU
		{FCB069EB-76F5-4413-A980-C14BE2AFA105}.Debug|Any CPU.Build.0 = Debug|Any CPU
		{FCB069EB-76F5-4413-A980-C14BE2AFA105}.Release|Any CPU.ActiveCfg = Release|Any CPU
		{FCB069EB-76F5-4413-A980-C14BE2AFA105}.Release|Any CPU.Build.0 = Release|Any CPU
		{6D72140D-885D-467F-9155-28EC13A6FCC1}.Debug|Any CPU.ActiveCfg = Debug|Any CPU
		{6D72140D-885D-467F-9155-28EC13A6FCC1}.Debug|Any CPU.Build.0 = Debug|Any CPU
		{6D72140D-885D-467F-9155-28EC13A6FCC1}.Release|Any CPU.ActiveCfg = Release|Any CPU
		{6D72140D-885D-467F-9155-28EC13A6FCC1}.Release|Any CPU.Build.0 = Release|Any CPU
		{87B21462-0A21-4A81-B1B3-2435D7C98C78}.Debug|Any CPU.ActiveCfg = Debug|Any CPU
		{87B21462-0A21-4A81-B1B3-2435D7C98C78}.Debug|Any CPU.Build.0 = Debug|Any CPU
		{87B21462-0A21-4A81-B1B3-2435D7C98C78}.Release|Any CPU.ActiveCfg = Release|Any CPU
		{87B21462-0A21-4A81-B1B3-2435D7C98C78}.Release|Any CPU.Build.0 = Release|Any CPU
		{15EE4D18-8500-4113-9DF2-349386F0228E}.Debug|Any CPU.ActiveCfg = Debug|Any CPU
		{15EE4D18-8500-4113-9DF2-349386F0228E}.Debug|Any CPU.Build.0 = Debug|Any CPU
		{15EE4D18-8500-4113-9DF2-349386F0228E}.Release|Any CPU.ActiveCfg = Release|Any CPU
		{15EE4D18-8500-4113-9DF2-349386F0228E}.Release|Any CPU.Build.0 = Release|Any CPU
	EndGlobalSection
	GlobalSection(SolutionProperties) = preSolution
		HideSolutionNode = FALSE
	EndGlobalSection
	GlobalSection(ExtensibilityGlobals) = postSolution
		SolutionGuid = {00609C2A-53D9-4D58-BCF0-60AA8A38A69E}
	EndGlobalSection
EndGlobal
